
Microsoft Visual Studio Solution File, Format Version 12.00
# Visual Studio Version 16
VisualStudioVersion = 16.0.30011.22
MinimumVisualStudioVersion = 10.0.40219.1
Project("{9A19103F-16F7-4668-BE54-9A1E7A4F7556}") = "ConsoleExample", "ConsoleExample\ConsoleExample.csproj", "{D5766AB4-0E2A-4059-82B6-4058A0AE258E}"
EndProject
Project("{FAE04EC0-301F-11D3-BF4B-00C04F79EFBC}") = "UnityEngineNetwork", "UnityEngineNetwork\UnityEngineNetwork.csproj", "{071A4A7B-2ADE-48BF-9BCD-A8A1A6CB1261}"
EndProject
Global
	GlobalSection(SolutionConfigurationPlatforms) = preSolution
		Debug|Any CPU = Debug|Any CPU
		Release|Any CPU = Release|Any CPU
	EndGlobalSection
	GlobalSection(ProjectConfigurationPlatforms) = postSolution
		{D5766AB4-0E2A-4059-82B6-4058A0AE258E}.Debug|Any CPU.ActiveCfg = Debug|Any CPU
		{D5766AB4-0E2A-4059-82B6-4058A0AE258E}.Debug|Any CPU.Build.0 = Debug|Any CPU
		{D5766AB4-0E2A-4059-82B6-4058A0AE258E}.Release|Any CPU.ActiveCfg = Release|Any CPU
		{D5766AB4-0E2A-4059-82B6-4058A0AE258E}.Release|Any CPU.Build.0 = Release|Any CPU
		{071A4A7B-2ADE-48BF-9BCD-A8A1A6CB1261}.Debug|Any CPU.ActiveCfg = Debug|Any CPU
		{071A4A7B-2ADE-48BF-9BCD-A8A1A6CB1261}.Debug|Any CPU.Build.0 = Debug|Any CPU
		{071A4A7B-2ADE-48BF-9BCD-A8A1A6CB1261}.Release|Any CPU.ActiveCfg = Release|Any CPU
		{071A4A7B-2ADE-48BF-9BCD-A8A1A6CB1261}.Release|Any CPU.Build.0 = Release|Any CPU
	EndGlobalSection
	GlobalSection(SolutionProperties) = preSolution
		HideSolutionNode = FALSE
	EndGlobalSection
	GlobalSection(ExtensibilityGlobals) = postSolution
		SolutionGuid = {74FE3B4F-CC5A-4961-BB31-EDBFECA62D9A}
	EndGlobalSection
EndGlobal
